
Microsoft Visual Studio Solution File, Format Version 12.00
# Visual Studio Version 17
VisualStudioVersion = 17.11.35327.3
MinimumVisualStudioVersion = 10.0.40219.1
Project("{FAE04EC0-301F-11D3-BF4B-00C04F79EFBC}") = "ToDoProject", "ToDoProject\ToDoProject.csproj", "{008FBA63-1341-4C7E-B325-BC11B39FA163}"
EndProject
Global
	GlobalSection(SolutionConfigurationPlatforms) = preSolution
		Debug|Any CPU = Debug|Any CPU
		Release|Any CPU = Release|Any CPU
	EndGlobalSection
	GlobalSection(ProjectConfigurationPlatforms) = postSolution
		{008FBA63-1341-4C7E-B325-BC11B39FA163}.Debug|Any CPU.ActiveCfg = Debug|Any CPU
		{008FBA63-1341-4C7E-B325-BC11B39FA163}.Debug|Any CPU.Build.0 = Debug|Any CPU
		{008FBA63-1341-4C7E-B325-BC11B39FA163}.Release|Any CPU.ActiveCfg = Release|Any CPU
		{008FBA63-1341-4C7E-B325-BC11B39FA163}.Release|Any CPU.Build.0 = Release|Any CPU
	EndGlobalSection
	GlobalSection(SolutionProperties) = preSolution
		HideSolutionNode = FALSE
	EndGlobalSection
	GlobalSection(ExtensibilityGlobals) = postSolution
		SolutionGuid = {C7B7F5B9-2B2C-4CB3-B41C-643BFBE8CA31}
	EndGlobalSection
EndGlobal
